
Microsoft Visual Studio Solution File, Format Version 12.00
# Visual Studio Version 17
VisualStudioVersion = 17.4.33110.190
MinimumVisualStudioVersion = 10.0.40219.1
Project("{FAE04EC0-301F-11D3-BF4B-00C04F79EFBC}") = "BiblAI", "BiblAI\BiblAI.csproj", "{15C1D0F7-4314-4D92-93F6-6FD261BD3993}"
EndProject
Global
	GlobalSection(SolutionConfigurationPlatforms) = preSolution
		Debug|Any CPU = Debug|Any CPU
		Release|Any CPU = Release|Any CPU
	EndGlobalSection
	GlobalSection(ProjectConfigurationPlatforms) = postSolution
		{15C1D0F7-4314-4D92-93F6-6FD261BD3993}.Debug|Any CPU.ActiveCfg = Debug|Any CPU
		{15C1D0F7-4314-4D92-93F6-6FD261BD3993}.Debug|Any CPU.Build.0 = Debug|Any CPU
		{15C1D0F7-4314-4D92-93F6-6FD261BD3993}.Release|Any CPU.ActiveCfg = Release|Any CPU
		{15C1D0F7-4314-4D92-93F6-6FD261BD3993}.Release|Any CPU.Build.0 = Release|Any CPU
	EndGlobalSection
	GlobalSection(SolutionProperties) = preSolution
		HideSolutionNode = FALSE
	EndGlobalSection
	GlobalSection(ExtensibilityGlobals) = postSolution
		SolutionGuid = {3477E294-02F7-4F2C-B641-66C70B84A13C}
	EndGlobalSection
EndGlobal
